
Microsoft Visual Studio Solution File, Format Version 12.00
# Visual Studio Version 17
VisualStudioVersion = 17.9.34723.18
MinimumVisualStudioVersion = 10.0.40219.1
Project("{FAE04EC0-301F-11D3-BF4B-00C04F79EFBC}") = "website_CLB_HTSV", "website_CLB_HTSV\website_CLB_HTSV.csproj", "{D2E5FA09-4BFC-49C2-AA68-DF128E50654E}"
EndProject
Global
	GlobalSection(SolutionConfigurationPlatforms) = preSolution
		Debug|Any CPU = Debug|Any CPU
		Release|Any CPU = Release|Any CPU
	EndGlobalSection
	GlobalSection(ProjectConfigurationPlatforms) = postSolution
		{D2E5FA09-4BFC-49C2-AA68-DF128E50654E}.Debug|Any CPU.ActiveCfg = Debug|Any CPU
		{D2E5FA09-4BFC-49C2-AA68-DF128E50654E}.Debug|Any CPU.Build.0 = Debug|Any CPU
		{D2E5FA09-4BFC-49C2-AA68-DF128E50654E}.Release|Any CPU.ActiveCfg = Release|Any CPU
		{D2E5FA09-4BFC-49C2-AA68-DF128E50654E}.Release|Any CPU.Build.0 = Release|Any CPU
	EndGlobalSection
	GlobalSection(SolutionProperties) = preSolution
		HideSolutionNode = FALSE
	EndGlobalSection
	GlobalSection(ExtensibilityGlobals) = postSolution
		SolutionGuid = {B28DFCA4-128B-4CA0-8A52-215B99871000}
	EndGlobalSection
EndGlobal
